
Microsoft Visual Studio Solution File, Format Version 12.00
# Visual Studio Version 16
VisualStudioVersion = 16.0.30011.22
MinimumVisualStudioVersion = 10.0.40219.1
Project("{9A19103F-16F7-4668-BE54-9A1E7A4F7556}") = "IGambleNullsMod", "IGambleNullsMod.csproj", "{1DA77B32-5820-4EB4-A43E-56865EFC9636}"
EndProject
Global
	GlobalSection(SolutionConfigurationPlatforms) = preSolution
		Debug|Any CPU = Debug|Any CPU
		Release|Any CPU = Release|Any CPU
	EndGlobalSection
	GlobalSection(ProjectConfigurationPlatforms) = postSolution
		{1DA77B32-5820-4EB4-A43E-56865EFC9636}.Debug|Any CPU.ActiveCfg = Debug|Any CPU
		{1DA77B32-5820-4EB4-A43E-56865EFC9636}.Debug|Any CPU.Build.0 = Debug|Any CPU
		{1DA77B32-5820-4EB4-A43E-56865EFC9636}.Release|Any CPU.ActiveCfg = Release|Any CPU
		{1DA77B32-5820-4EB4-A43E-56865EFC9636}.Release|Any CPU.Build.0 = Release|Any CPU
	EndGlobalSection
	GlobalSection(SolutionProperties) = preSolution
		HideSolutionNode = FALSE
	EndGlobalSection
	GlobalSection(ExtensibilityGlobals) = postSolution
		SolutionGuid = {370AB819-9365-409E-8CA5-2A1B4606AFAF}
	EndGlobalSection
EndGlobal
